
Microsoft Visual Studio Solution File, Format Version 12.00
# Visual Studio Version 16
VisualStudioVersion = 16.0.31729.503
MinimumVisualStudioVersion = 10.0.40219.1
Project("{FAE04EC0-301F-11D3-BF4B-00C04F79EFBC}") = "HackerRank-FizzBuzz", "HackerRank-FizzBuzz\HackerRank-FizzBuzz.csproj", "{28C99E60-FBF1-4507-8F98-80F9795B1180}"
EndProject
Global
	GlobalSection(SolutionConfigurationPlatforms) = preSolution
		Debug|Any CPU = Debug|Any CPU
		Release|Any CPU = Release|Any CPU
	EndGlobalSection
	GlobalSection(ProjectConfigurationPlatforms) = postSolution
		{28C99E60-FBF1-4507-8F98-80F9795B1180}.Debug|Any CPU.ActiveCfg = Debug|Any CPU
		{28C99E60-FBF1-4507-8F98-80F9795B1180}.Debug|Any CPU.Build.0 = Debug|Any CPU
		{28C99E60-FBF1-4507-8F98-80F9795B1180}.Release|Any CPU.ActiveCfg = Release|Any CPU
		{28C99E60-FBF1-4507-8F98-80F9795B1180}.Release|Any CPU.Build.0 = Release|Any CPU
	EndGlobalSection
	GlobalSection(SolutionProperties) = preSolution
		HideSolutionNode = FALSE
	EndGlobalSection
	GlobalSection(ExtensibilityGlobals) = postSolution
		SolutionGuid = {9EA532AF-4089-4E4D-AE06-CE6297956481}
	EndGlobalSection
EndGlobal
