
Microsoft Visual Studio Solution File, Format Version 12.00
# Visual Studio Version 16
VisualStudioVersion = 16.0.32802.440
MinimumVisualStudioVersion = 10.0.40219.1
Project("{FAE04EC0-301F-11D3-BF4B-00C04F79EFBC}") = "HackerRank-Level-Order-Traversal", "HackerRank-Level-Order-Traversal\HackerRank-Level-Order-Traversal.csproj", "{D6DB4C7E-EFF0-43F4-A327-DCE94BD53372}"
EndProject
Global
	GlobalSection(SolutionConfigurationPlatforms) = preSolution
		Debug|Any CPU = Debug|Any CPU
		Release|Any CPU = Release|Any CPU
	EndGlobalSection
	GlobalSection(ProjectConfigurationPlatforms) = postSolution
		{D6DB4C7E-EFF0-43F4-A327-DCE94BD53372}.Debug|Any CPU.ActiveCfg = Debug|Any CPU
		{D6DB4C7E-EFF0-43F4-A327-DCE94BD53372}.Debug|Any CPU.Build.0 = Debug|Any CPU
		{D6DB4C7E-EFF0-43F4-A327-DCE94BD53372}.Release|Any CPU.ActiveCfg = Release|Any CPU
		{D6DB4C7E-EFF0-43F4-A327-DCE94BD53372}.Release|Any CPU.Build.0 = Release|Any CPU
	EndGlobalSection
	GlobalSection(SolutionProperties) = preSolution
		HideSolutionNode = FALSE
	EndGlobalSection
	GlobalSection(ExtensibilityGlobals) = postSolution
		SolutionGuid = {741FB4A1-2A1D-4664-A16E-192A57138EE5}
	EndGlobalSection
EndGlobal
