
Microsoft Visual Studio Solution File, Format Version 12.00
# Visual Studio Version 16
VisualStudioVersion = 16.0.31729.503
MinimumVisualStudioVersion = 10.0.40219.1
Project("{FAE04EC0-301F-11D3-BF4B-00C04F79EFBC}") = "HackerHank-Tower-Breakers", "HackerHank-Tower-Breakers\HackerHank-Tower-Breakers.csproj", "{F0F56CDB-FCB5-4CD5-B3BC-40AB3A175FF8}"
EndProject
Global
	GlobalSection(SolutionConfigurationPlatforms) = preSolution
		Debug|Any CPU = Debug|Any CPU
		Release|Any CPU = Release|Any CPU
	EndGlobalSection
	GlobalSection(ProjectConfigurationPlatforms) = postSolution
		{F0F56CDB-FCB5-4CD5-B3BC-40AB3A175FF8}.Debug|Any CPU.ActiveCfg = Debug|Any CPU
		{F0F56CDB-FCB5-4CD5-B3BC-40AB3A175FF8}.Debug|Any CPU.Build.0 = Debug|Any CPU
		{F0F56CDB-FCB5-4CD5-B3BC-40AB3A175FF8}.Release|Any CPU.ActiveCfg = Release|Any CPU
		{F0F56CDB-FCB5-4CD5-B3BC-40AB3A175FF8}.Release|Any CPU.Build.0 = Release|Any CPU
	EndGlobalSection
	GlobalSection(SolutionProperties) = preSolution
		HideSolutionNode = FALSE
	EndGlobalSection
	GlobalSection(ExtensibilityGlobals) = postSolution
		SolutionGuid = {DA0C0162-A46F-473E-B38B-98C823389850}
	EndGlobalSection
EndGlobal
