
Microsoft Visual Studio Solution File, Format Version 12.00
# Visual Studio Version 16
VisualStudioVersion = 16.0.32802.440
MinimumVisualStudioVersion = 10.0.40219.1
Project("{9A19103F-16F7-4668-BE54-9A1E7A4F7556}") = "HackerRank-Balanced-Brackets", "HackerRank-Balanced-Brackets\HackerRank-Balanced-Brackets.csproj", "{50D214E2-034E-4A4F-A6ED-5014A4E0BB49}"
EndProject
Project("{FAE04EC0-301F-11D3-BF4B-00C04F79EFBC}") = "HackerRank-Balanced-Brackets-2", "HackerRank-Balanced-Brackets-2\HackerRank-Balanced-Brackets-2.csproj", "{BFBAFFEF-B024-46F6-B96F-8661CCBD5140}"
EndProject
Project("{FAE04EC0-301F-11D3-BF4B-00C04F79EFBC}") = "HackerRank-Balanced-Brackets-3", "HackerRank-Balanced-Brackets-3\HackerRank-Balanced-Brackets-3.csproj", "{F4A818FF-A48F-47E0-9F13-E2EAE64C1D2A}"
EndProject
Global
	GlobalSection(SolutionConfigurationPlatforms) = preSolution
		Debug|Any CPU = Debug|Any CPU
		Release|Any CPU = Release|Any CPU
	EndGlobalSection
	GlobalSection(ProjectConfigurationPlatforms) = postSolution
		{50D214E2-034E-4A4F-A6ED-5014A4E0BB49}.Debug|Any CPU.ActiveCfg = Debug|Any CPU
		{50D214E2-034E-4A4F-A6ED-5014A4E0BB49}.Debug|Any CPU.Build.0 = Debug|Any CPU
		{50D214E2-034E-4A4F-A6ED-5014A4E0BB49}.Release|Any CPU.ActiveCfg = Release|Any CPU
		{50D214E2-034E-4A4F-A6ED-5014A4E0BB49}.Release|Any CPU.Build.0 = Release|Any CPU
		{BFBAFFEF-B024-46F6-B96F-8661CCBD5140}.Debug|Any CPU.ActiveCfg = Debug|Any CPU
		{BFBAFFEF-B024-46F6-B96F-8661CCBD5140}.Debug|Any CPU.Build.0 = Debug|Any CPU
		{BFBAFFEF-B024-46F6-B96F-8661CCBD5140}.Release|Any CPU.ActiveCfg = Release|Any CPU
		{BFBAFFEF-B024-46F6-B96F-8661CCBD5140}.Release|Any CPU.Build.0 = Release|Any CPU
		{F4A818FF-A48F-47E0-9F13-E2EAE64C1D2A}.Debug|Any CPU.ActiveCfg = Debug|Any CPU
		{F4A818FF-A48F-47E0-9F13-E2EAE64C1D2A}.Debug|Any CPU.Build.0 = Debug|Any CPU
		{F4A818FF-A48F-47E0-9F13-E2EAE64C1D2A}.Release|Any CPU.ActiveCfg = Release|Any CPU
		{F4A818FF-A48F-47E0-9F13-E2EAE64C1D2A}.Release|Any CPU.Build.0 = Release|Any CPU
	EndGlobalSection
	GlobalSection(SolutionProperties) = preSolution
		HideSolutionNode = FALSE
	EndGlobalSection
	GlobalSection(ExtensibilityGlobals) = postSolution
		SolutionGuid = {3AE87D1E-8887-45C7-851C-2E05C2710F3B}
	EndGlobalSection
EndGlobal
