
Microsoft Visual Studio Solution File, Format Version 12.00
# Visual Studio Version 16
VisualStudioVersion = 16.0.31729.503
MinimumVisualStudioVersion = 10.0.40219.1
Project("{FAE04EC0-301F-11D3-BF4B-00C04F79EFBC}") = "MinAndMaxValue", "MinAndMaxValue\MinAndMaxValue.csproj", "{F593AFE2-ECC8-4773-B888-EBF6827C190F}"
EndProject
Global
	GlobalSection(SolutionConfigurationPlatforms) = preSolution
		Debug|Any CPU = Debug|Any CPU
		Release|Any CPU = Release|Any CPU
	EndGlobalSection
	GlobalSection(ProjectConfigurationPlatforms) = postSolution
		{F593AFE2-ECC8-4773-B888-EBF6827C190F}.Debug|Any CPU.ActiveCfg = Debug|Any CPU
		{F593AFE2-ECC8-4773-B888-EBF6827C190F}.Debug|Any CPU.Build.0 = Debug|Any CPU
		{F593AFE2-ECC8-4773-B888-EBF6827C190F}.Release|Any CPU.ActiveCfg = Release|Any CPU
		{F593AFE2-ECC8-4773-B888-EBF6827C190F}.Release|Any CPU.Build.0 = Release|Any CPU
	EndGlobalSection
	GlobalSection(SolutionProperties) = preSolution
		HideSolutionNode = FALSE
	EndGlobalSection
	GlobalSection(ExtensibilityGlobals) = postSolution
		SolutionGuid = {76F7079A-765A-47E0-99F1-98B564C86C3D}
	EndGlobalSection
EndGlobal
